
Microsoft Visual Studio Solution File, Format Version 12.00
# Visual Studio Version 17
VisualStudioVersion = 17.14.36414.22
MinimumVisualStudioVersion = 10.0.40219.1
Project("{FAE04EC0-301F-11D3-BF4B-00C04F79EFBC}") = "Capa_Presentacion", "Pantallas_Sistema_facturación\Capa_Presentacion.csproj", "{6907594B-35D9-4056-BBEE-45BBEB2A71A0}"
EndProject
Project("{FAE04EC0-301F-11D3-BF4B-00C04F79EFBC}") = "Capa_AccesoDatos", "Capa_AccesoDatos\Capa_AccesoDatos.csproj", "{E487565B-790C-437D-A2C8-F9897CDF60E1}"
EndProject
Project("{FAE04EC0-301F-11D3-BF4B-00C04F79EFBC}") = "Capa_LogicaDeNegocios", "Capa_LogicaDeNegocios\Capa_LogicaDeNegocios.csproj", "{EDC1691A-DCF8-45CA-A64A-C3706F53E6AD}"
EndProject
Global
	GlobalSection(SolutionConfigurationPlatforms) = preSolution
		Debug|Any CPU = Debug|Any CPU
		Release|Any CPU = Release|Any CPU
	EndGlobalSection
	GlobalSection(ProjectConfigurationPlatforms) = postSolution
		{6907594B-35D9-4056-BBEE-45BBEB2A71A0}.Debug|Any CPU.ActiveCfg = Debug|Any CPU
		{6907594B-35D9-4056-BBEE-45BBEB2A71A0}.Debug|Any CPU.Build.0 = Debug|Any CPU
		{6907594B-35D9-4056-BBEE-45BBEB2A71A0}.Release|Any CPU.ActiveCfg = Release|Any CPU
		{6907594B-35D9-4056-BBEE-45BBEB2A71A0}.Release|Any CPU.Build.0 = Release|Any CPU
		{E487565B-790C-437D-A2C8-F9897CDF60E1}.Debug|Any CPU.ActiveCfg = Debug|Any CPU
		{E487565B-790C-437D-A2C8-F9897CDF60E1}.Debug|Any CPU.Build.0 = Debug|Any CPU
		{E487565B-790C-437D-A2C8-F9897CDF60E1}.Release|Any CPU.ActiveCfg = Release|Any CPU
		{E487565B-790C-437D-A2C8-F9897CDF60E1}.Release|Any CPU.Build.0 = Release|Any CPU
		{EDC1691A-DCF8-45CA-A64A-C3706F53E6AD}.Debug|Any CPU.ActiveCfg = Debug|Any CPU
		{EDC1691A-DCF8-45CA-A64A-C3706F53E6AD}.Debug|Any CPU.Build.0 = Debug|Any CPU
		{EDC1691A-DCF8-45CA-A64A-C3706F53E6AD}.Release|Any CPU.ActiveCfg = Release|Any CPU
		{EDC1691A-DCF8-45CA-A64A-C3706F53E6AD}.Release|Any CPU.Build.0 = Release|Any CPU
	EndGlobalSection
	GlobalSection(SolutionProperties) = preSolution
		HideSolutionNode = FALSE
	EndGlobalSection
	GlobalSection(ExtensibilityGlobals) = postSolution
		SolutionGuid = {81A9885C-83E4-4997-A4BD-BEDB55435ED6}
	EndGlobalSection
EndGlobal
